
Microsoft Visual Studio Solution File, Format Version 12.00
# Visual Studio Version 17
VisualStudioVersion = 17.6.33723.286
MinimumVisualStudioVersion = 10.0.40219.1
Project("{9A19103F-16F7-4668-BE54-9A1E7A4F7556}") = "DailyPlanner", "DailyPlanner.csproj", "{18A60061-976B-446F-81ED-4B4F3ABCA5EA}"
EndProject
Global
	GlobalSection(SolutionConfigurationPlatforms) = preSolution
		Debug|Any CPU = Debug|Any CPU
		Release|Any CPU = Release|Any CPU
	EndGlobalSection
	GlobalSection(ProjectConfigurationPlatforms) = postSolution
		{18A60061-976B-446F-81ED-4B4F3ABCA5EA}.Debug|Any CPU.ActiveCfg = Debug|Any CPU
		{18A60061-976B-446F-81ED-4B4F3ABCA5EA}.Debug|Any CPU.Build.0 = Debug|Any CPU
		{18A60061-976B-446F-81ED-4B4F3ABCA5EA}.Release|Any CPU.ActiveCfg = Release|Any CPU
		{18A60061-976B-446F-81ED-4B4F3ABCA5EA}.Release|Any CPU.Build.0 = Release|Any CPU
	EndGlobalSection
	GlobalSection(SolutionProperties) = preSolution
		HideSolutionNode = FALSE
	EndGlobalSection
	GlobalSection(ExtensibilityGlobals) = postSolution
		SolutionGuid = {54027B32-3136-486C-90E9-015D22616DB6}
	EndGlobalSection
EndGlobal
